
Microsoft Visual Studio Solution File, Format Version 12.00
# Visual Studio 15
VisualStudioVersion = 15.0.26228.102
MinimumVisualStudioVersion = 10.0.40219.1
Project("{FAE04EC0-301F-11D3-BF4B-00C04F79EFBC}") = "Microsell_Lite", "Microsell_Lite\Microsell_Lite.csproj", "{2BBC0ED7-30B7-462E-B840-26680949CF93}"
EndProject
Project("{FAE04EC0-301F-11D3-BF4B-00C04F79EFBC}") = "Prj_Capa_Datos", "Prj_Capa_Datos\Prj_Capa_Datos.csproj", "{AEC6F61F-96B4-4BBF-93E4-AEF83F710585}"
EndProject
Project("{FAE04EC0-301F-11D3-BF4B-00C04F79EFBC}") = "Prj_Capa_Entidad", "Prj_Capa_Entidad\Prj_Capa_Entidad.csproj", "{B04B4D5B-66B1-48C1-B2BD-7710D293804A}"
EndProject
Project("{FAE04EC0-301F-11D3-BF4B-00C04F79EFBC}") = "Prj_Capa_Negocio", "Prj_Capa_Negocio\Prj_Capa_Negocio.csproj", "{5EA3F302-3E62-410E-89EB-D8CE1885D1F4}"
EndProject
Project("{FAE04EC0-301F-11D3-BF4B-00C04F79EFBC}") = "businessEntities", "businessEntities\businessEntities.csproj", "{2D125F61-001C-4D9F-A396-0ED096BF1645}"
EndProject
Project("{F184B08F-C81C-45F6-A57F-5ABD9991F28F}") = "CPEEnvio", "CPEEnvio\CPEEnvio.vbproj", "{978AD6C1-2AC5-48C2-8C4D-8C3E698B7CD8}"
EndProject
Project("{F184B08F-C81C-45F6-A57F-5ABD9991F28F}") = "CrearXML", "Fuente de FE\CrearXML\CrearXML.vbproj", "{B91E6D9A-A197-4BFE-A4DD-EC81A1D99E32}"
EndProject
Project("{FAE04EC0-301F-11D3-BF4B-00C04F79EFBC}") = "Signature", "Fuente de FE\Signature\Signature.csproj", "{F5F5499D-1B00-47AC-8876-DCFF37E8E320}"
EndProject
Project("{FAE04EC0-301F-11D3-BF4B-00C04F79EFBC}") = "CreacionXml", "CreacionXml\CreacionXml.csproj", "{465DC852-2EE8-4277-9509-A41686D77971}"
EndProject
Project("{FAE04EC0-301F-11D3-BF4B-00C04F79EFBC}") = "CPEEnvioN", "CPEEnvioN\CPEEnvioN.csproj", "{FDAD4818-34B2-48D2-887F-BF45CC86A337}"
EndProject
Global
	GlobalSection(SolutionConfigurationPlatforms) = preSolution
		Debug|Any CPU = Debug|Any CPU
		Release|Any CPU = Release|Any CPU
	EndGlobalSection
	GlobalSection(ProjectConfigurationPlatforms) = postSolution
		{2BBC0ED7-30B7-462E-B840-26680949CF93}.Debug|Any CPU.ActiveCfg = Debug|Any CPU
		{2BBC0ED7-30B7-462E-B840-26680949CF93}.Debug|Any CPU.Build.0 = Debug|Any CPU
		{2BBC0ED7-30B7-462E-B840-26680949CF93}.Release|Any CPU.ActiveCfg = Release|Any CPU
		{2BBC0ED7-30B7-462E-B840-26680949CF93}.Release|Any CPU.Build.0 = Release|Any CPU
		{AEC6F61F-96B4-4BBF-93E4-AEF83F710585}.Debug|Any CPU.ActiveCfg = Debug|Any CPU
		{AEC6F61F-96B4-4BBF-93E4-AEF83F710585}.Debug|Any CPU.Build.0 = Debug|Any CPU
		{AEC6F61F-96B4-4BBF-93E4-AEF83F710585}.Release|Any CPU.ActiveCfg = Release|Any CPU
		{AEC6F61F-96B4-4BBF-93E4-AEF83F710585}.Release|Any CPU.Build.0 = Release|Any CPU
		{B04B4D5B-66B1-48C1-B2BD-7710D293804A}.Debug|Any CPU.ActiveCfg = Debug|Any CPU
		{B04B4D5B-66B1-48C1-B2BD-7710D293804A}.Debug|Any CPU.Build.0 = Debug|Any CPU
		{B04B4D5B-66B1-48C1-B2BD-7710D293804A}.Release|Any CPU.ActiveCfg = Release|Any CPU
		{B04B4D5B-66B1-48C1-B2BD-7710D293804A}.Release|Any CPU.Build.0 = Release|Any CPU
		{5EA3F302-3E62-410E-89EB-D8CE1885D1F4}.Debug|Any CPU.ActiveCfg = Debug|Any CPU
		{5EA3F302-3E62-410E-89EB-D8CE1885D1F4}.Debug|Any CPU.Build.0 = Debug|Any CPU
		{5EA3F302-3E62-410E-89EB-D8CE1885D1F4}.Release|Any CPU.ActiveCfg = Release|Any CPU
		{5EA3F302-3E62-410E-89EB-D8CE1885D1F4}.Release|Any CPU.Build.0 = Release|Any CPU
		{2D125F61-001C-4D9F-A396-0ED096BF1645}.Debug|Any CPU.ActiveCfg = Debug|Any CPU
		{2D125F61-001C-4D9F-A396-0ED096BF1645}.Debug|Any CPU.Build.0 = Debug|Any CPU
		{2D125F61-001C-4D9F-A396-0ED096BF1645}.Release|Any CPU.ActiveCfg = Release|Any CPU
		{2D125F61-001C-4D9F-A396-0ED096BF1645}.Release|Any CPU.Build.0 = Release|Any CPU
		{978AD6C1-2AC5-48C2-8C4D-8C3E698B7CD8}.Debug|Any CPU.ActiveCfg = Debug|Any CPU
		{978AD6C1-2AC5-48C2-8C4D-8C3E698B7CD8}.Debug|Any CPU.Build.0 = Debug|Any CPU
		{978AD6C1-2AC5-48C2-8C4D-8C3E698B7CD8}.Release|Any CPU.ActiveCfg = Release|Any CPU
		{978AD6C1-2AC5-48C2-8C4D-8C3E698B7CD8}.Release|Any CPU.Build.0 = Release|Any CPU
		{B91E6D9A-A197-4BFE-A4DD-EC81A1D99E32}.Debug|Any CPU.ActiveCfg = Debug|Any CPU
		{B91E6D9A-A197-4BFE-A4DD-EC81A1D99E32}.Debug|Any CPU.Build.0 = Debug|Any CPU
		{B91E6D9A-A197-4BFE-A4DD-EC81A1D99E32}.Release|Any CPU.ActiveCfg = Release|Any CPU
		{B91E6D9A-A197-4BFE-A4DD-EC81A1D99E32}.Release|Any CPU.Build.0 = Release|Any CPU
		{F5F5499D-1B00-47AC-8876-DCFF37E8E320}.Debug|Any CPU.ActiveCfg = Debug|Any CPU
		{F5F5499D-1B00-47AC-8876-DCFF37E8E320}.Debug|Any CPU.Build.0 = Debug|Any CPU
		{F5F5499D-1B00-47AC-8876-DCFF37E8E320}.Release|Any CPU.ActiveCfg = Release|Any CPU
		{F5F5499D-1B00-47AC-8876-DCFF37E8E320}.Release|Any CPU.Build.0 = Release|Any CPU
		{465DC852-2EE8-4277-9509-A41686D77971}.Debug|Any CPU.ActiveCfg = Debug|Any CPU
		{465DC852-2EE8-4277-9509-A41686D77971}.Debug|Any CPU.Build.0 = Debug|Any CPU
		{465DC852-2EE8-4277-9509-A41686D77971}.Release|Any CPU.ActiveCfg = Release|Any CPU
		{465DC852-2EE8-4277-9509-A41686D77971}.Release|Any CPU.Build.0 = Release|Any CPU
		{FDAD4818-34B2-48D2-887F-BF45CC86A337}.Debug|Any CPU.ActiveCfg = Debug|Any CPU
		{FDAD4818-34B2-48D2-887F-BF45CC86A337}.Debug|Any CPU.Build.0 = Debug|Any CPU
		{FDAD4818-34B2-48D2-887F-BF45CC86A337}.Release|Any CPU.ActiveCfg = Release|Any CPU
		{FDAD4818-34B2-48D2-887F-BF45CC86A337}.Release|Any CPU.Build.0 = Release|Any CPU
	EndGlobalSection
	GlobalSection(SolutionProperties) = preSolution
		HideSolutionNode = FALSE
	EndGlobalSection
	GlobalSection(ExtensibilityGlobals) = postSolution
		SolutionGuid = {DF9F80F4-6D22-4D59-8F4A-EB48C1995B60}
	EndGlobalSection
EndGlobal
